
Microsoft Visual Studio Solution File, Format Version 12.00
# Visual Studio Version 17
VisualStudioVersion = 17.0.31903.59
MinimumVisualStudioVersion = 10.0.40219.1
Project("{2150E333-8FDC-42A3-9474-1A3956D46DE8}") = "src", "src", "{783132C1-F93F-4E06-ACBA-CF61410E7B43}"
EndProject
Project("{FAE04EC0-301F-11D3-BF4B-00C04F79EFBC}") = "TrainReservation.Domain", "src\TrainReservation.Domain\TrainReservation.Domain.csproj", "{EE8BEEF1-2672-4129-A29A-0DDE4FAB1550}"
EndProject
Project("{FAE04EC0-301F-11D3-BF4B-00C04F79EFBC}") = "TrainReservation.Data", "src\TrainReservation.Data\TrainReservation.Data.csproj", "{60BEBBE4-7D26-4D62-B7B0-F556240C916A}"
EndProject
Project("{FAE04EC0-301F-11D3-BF4B-00C04F79EFBC}") = "TrainReservation.Services", "src\TrainReservation.Services\TrainReservation.Services.csproj", "{7D0CF654-970E-4044-9EE1-BFE320838F1C}"
EndProject
Project("{FAE04EC0-301F-11D3-BF4B-00C04F79EFBC}") = "TrainReservation.Web", "src\TrainReservation.Web\TrainReservation.Web.csproj", "{656C6EC1-52B6-4EA2-948D-F842ABC0EC1D}"
EndProject
Global
	GlobalSection(SolutionConfigurationPlatforms) = preSolution
		Debug|Any CPU = Debug|Any CPU
		Release|Any CPU = Release|Any CPU
	EndGlobalSection
	GlobalSection(SolutionProperties) = preSolution
		HideSolutionNode = FALSE
	EndGlobalSection
	GlobalSection(ProjectConfigurationPlatforms) = postSolution
		{EE8BEEF1-2672-4129-A29A-0DDE4FAB1550}.Debug|Any CPU.ActiveCfg = Debug|Any CPU
		{EE8BEEF1-2672-4129-A29A-0DDE4FAB1550}.Debug|Any CPU.Build.0 = Debug|Any CPU
		{EE8BEEF1-2672-4129-A29A-0DDE4FAB1550}.Release|Any CPU.ActiveCfg = Release|Any CPU
		{EE8BEEF1-2672-4129-A29A-0DDE4FAB1550}.Release|Any CPU.Build.0 = Release|Any CPU
		{60BEBBE4-7D26-4D62-B7B0-F556240C916A}.Debug|Any CPU.ActiveCfg = Debug|Any CPU
		{60BEBBE4-7D26-4D62-B7B0-F556240C916A}.Debug|Any CPU.Build.0 = Debug|Any CPU
		{60BEBBE4-7D26-4D62-B7B0-F556240C916A}.Release|Any CPU.ActiveCfg = Release|Any CPU
		{60BEBBE4-7D26-4D62-B7B0-F556240C916A}.Release|Any CPU.Build.0 = Release|Any CPU
		{7D0CF654-970E-4044-9EE1-BFE320838F1C}.Debug|Any CPU.ActiveCfg = Debug|Any CPU
		{7D0CF654-970E-4044-9EE1-BFE320838F1C}.Debug|Any CPU.Build.0 = Debug|Any CPU
		{7D0CF654-970E-4044-9EE1-BFE320838F1C}.Release|Any CPU.ActiveCfg = Release|Any CPU
		{7D0CF654-970E-4044-9EE1-BFE320838F1C}.Release|Any CPU.Build.0 = Release|Any CPU
		{656C6EC1-52B6-4EA2-948D-F842ABC0EC1D}.Debug|Any CPU.ActiveCfg = Debug|Any CPU
		{656C6EC1-52B6-4EA2-948D-F842ABC0EC1D}.Debug|Any CPU.Build.0 = Debug|Any CPU
		{656C6EC1-52B6-4EA2-948D-F842ABC0EC1D}.Release|Any CPU.ActiveCfg = Release|Any CPU
		{656C6EC1-52B6-4EA2-948D-F842ABC0EC1D}.Release|Any CPU.Build.0 = Release|Any CPU
	EndGlobalSection
	GlobalSection(NestedProjects) = preSolution
		{EE8BEEF1-2672-4129-A29A-0DDE4FAB1550} = {783132C1-F93F-4E06-ACBA-CF61410E7B43}
		{60BEBBE4-7D26-4D62-B7B0-F556240C916A} = {783132C1-F93F-4E06-ACBA-CF61410E7B43}
		{7D0CF654-970E-4044-9EE1-BFE320838F1C} = {783132C1-F93F-4E06-ACBA-CF61410E7B43}
		{656C6EC1-52B6-4EA2-948D-F842ABC0EC1D} = {783132C1-F93F-4E06-ACBA-CF61410E7B43}
	EndGlobalSection
EndGlobal
